{
  "version": "4",
  "specifiers": {
    "jsr:@simple-cdp/simple-cdp@^1.8.5": "1.8.6",
    "jsr:@std/assert@0.224": "0.224.0",
    "jsr:@std/path@0.224": "0.224.0",
    "npm:@eslint/js@^9.20.0": "9.20.0",
    "npm:simple-cdp@^1.8.5": "1.8.6",
    "npm:ws@^8.18.0": "8.18.0"
  },
  "jsr": {
    "@simple-cdp/simple-cdp@1.8.6": {
      "integrity": "beabfb0dd8cb8c964f09249b94ef23334d65a583f622f43d6302222b25ee3af8"
    },
    "@std/assert@0.224.0": {
      "integrity": "8643233ec7aec38a940a8264a6e3eed9bfa44e7a71cc6b3c8874213ff401967f"
    },
    "@std/path@0.224.0": {
      "integrity": "55bca6361e5a6d158b9380e82d4981d82d338ec587de02951e2b7c3a24910ee6",
      "dependencies": [
        "jsr:@std/assert"
      ]
    }
  },
  "npm": {
    "@eslint/js@9.20.0": {
      "integrity": "sha512-iZA07H9io9Wn836aVTytRaNqh00Sad+EamwOVJT12GTLw1VGMFV/4JaME+JjLtr9fiGaoWgYnS54wrfWsSs4oQ=="
    },
    "simple-cdp@1.8.6": {
      "integrity": "sha512-c33zKvBOOIBfdfDCr++N8Dv6kY03wD+cGuu3MEiBJHC4LtHE5aSwjw5E+dOSeuXolS+8MoDzYuWrJdT+IFp8bw=="
    },
    "ws@8.18.0": {
      "integrity": "sha512-8VbfWfHLbbwu3+N6OKsOMpBdT4kXPDDB9cJk2bJ6mh9ucxdlnNvH1e+roYkKmN9Nxw2yjz7VzeO9oOz2zJ04Pw=="
    }
  },
  "workspace": {
    "dependencies": [
      "jsr:@simple-cdp/simple-cdp@^1.8.5",
      "jsr:@std/path@0.224"
    ],
    "packageJson": {
      "dependencies": [
        "npm:@eslint/js@^9.20.0",
        "npm:simple-cdp@^1.8.5",
        "npm:ws@^8.18.0"
      ]
    }
  }
}
