{
  "version": "5",
  "specifiers": {
    "npm:@eslint/js@^9.39.1": "9.39.5",
    "npm:simple-cdp@^1.10.0": "1.10.0",
    "npm:single-file-core@1.5.85": "1.5.85"
  },
  "npm": {
    "@eslint/js@9.39.5": {
      "integrity": "sha512-QywQuszQh77pIXCsq998c8hbhSTI/azTty1Z6N53dmAudKHhy573j3yvRLsX2BSp8YpLtoCEG8E9DJe+8zUh4A=="
    },
    "simple-cdp@1.10.0": {
      "integrity": "sha512-UXDAaiges1GqNKtBy39po+CD4hXDJxQEDtR1GF9bK2J9MNN0epTo2GpoSmEc8o5ofW8dutpHafBjowEchSNgig=="
    },
    "single-file-core@1.5.85": {
      "integrity": "sha512-BHswFIMbPAASJ39RF1YSu1yMOh0UTj1rU3mfgTwuIm1onjNZOw7tmIgRgJHmv97kTjDzpGH6pLB+d+kLkfgf6Q=="
    }
  },
  "workspace": {
    "dependencies": [
      "npm:single-file-core@1.5.85"
    ],
    "packageJson": {
      "dependencies": [
        "npm:@eslint/js@^9.39.1",
        "npm:esbuild@~0.27.4",
        "npm:simple-cdp@^1.10.0",
        "npm:single-file-core@1.5.85"
      ]
    }
  }
}
