{
  "version": "3",
  "packages": {
    "specifiers": {
      "jsr:@simple-cdp/simple-cdp@^1.8.4": "jsr:@simple-cdp/simple-cdp@1.8.4",
      "jsr:@std/assert@^0.220.1": "jsr:@std/assert@0.220.1",
      "jsr:@std/path@^0.220.1": "jsr:@std/path@0.220.1",
      "npm:simple-cdp@^1.8.4": "npm:simple-cdp@1.8.4",
      "npm:ws@^8.16.0": "npm:ws@8.16.0"
    },
    "jsr": {
      "@simple-cdp/simple-cdp@1.8.4": {
        "integrity": "5e31ab90a552f9f1cf84e6cf0454d21c5b9dc1d89f9c1f9a750772b47bad9a4e"
      },
      "@std/assert@0.220.1": {
        "integrity": "88710d54f3afdd7a5761e7805abba1f56cd14e4b212feffeb3e73a9f77482425"
      },
      "@std/path@0.220.1": {
        "integrity": "cc63c1b5e5192e2f718dc2f365a3514fffb26cc0380959bab0f8fb5988a52f0c",
        "dependencies": [
          "jsr:@std/assert@^0.220.1"
        ]
      }
    },
    "npm": {
      "simple-cdp@1.8.4": {
        "integrity": "sha512-fsvMUyz13vzX8nxSPwJfdxdROGxRDdTAFX7XitVpRsKwClowsyL3NZ6kR4vR5tZfxbz31p3uoM14eFUvhaWisA==",
        "dependencies": {}
      },
      "ws@8.16.0": {
        "integrity": "sha512-HS0c//TP7Ina87TfiPUz1rQzMhHrl/SG2guqRcTOIUYD2q8uhUdNHZYJUaQ8aTGPzCh+c6oawMKW35nFl1dxyQ==",
        "dependencies": {}
      }
    }
  },
  "remote": {},
  "workspace": {
    "dependencies": [
      "jsr:@simple-cdp/simple-cdp@^1.8.4",
      "jsr:@std/path@^0.220.1"
    ],
    "packageJson": {
      "dependencies": [
        "npm:simple-cdp@^1.8.4",
        "npm:ws@^8.16.0"
      ]
    }
  }
}
