{
	"name": "single-file-cli",
	"version": "2.0.21",
	"lockfileVersion": 3,
	"requires": true,
	"packages": {
		"": {
			"name": "single-file-cli",
			"version": "2.0.21",
			"dependencies": {
				"simple-cdp": "^1.8.4",
				"ws": "^8.16.0"
			},
			"bin": {
				"single-file": "single-file-node.js"
			},
			"engines": {
				"bun": ">=1.0",
				"deno": ">=1.4",
				"node": ">=20"
			}
		},
		"node_modules/simple-cdp": {
			"version": "1.8.4",
			"resolved": "https://registry.npmjs.org/simple-cdp/-/simple-cdp-1.8.4.tgz",
			"integrity": "sha512-fsvMUyz13vzX8nxSPwJfdxdROGxRDdTAFX7XitVpRsKwClowsyL3NZ6kR4vR5tZfxbz31p3uoM14eFUvhaWisA==",
			"engines": {
				"bun": ">=1.0",
				"deno": ">=1.4"
			}
		},
		"node_modules/ws": {
			"version": "8.16.0",
			"resolved": "https://registry.npmjs.org/ws/-/ws-8.16.0.tgz",
			"integrity": "sha512-HS0c//TP7Ina87TfiPUz1rQzMhHrl/SG2guqRcTOIUYD2q8uhUdNHZYJUaQ8aTGPzCh+c6oawMKW35nFl1dxyQ==",
			"engines": {
				"node": ">=10.0.0"
			},
			"peerDependencies": {
				"bufferutil": "^4.0.1",
				"utf-8-validate": ">=5.0.2"
			},
			"peerDependenciesMeta": {
				"bufferutil": {
					"optional": true
				},
				"utf-8-validate": {
					"optional": true
				}
			}
		}
	}
}
