{
	"name": "single-file-cli",
	"version": "2.0.79",
	"lockfileVersion": 3,
	"requires": true,
	"packages": {
		"": {
			"name": "single-file-cli",
			"version": "2.0.79",
			"dependencies": {
				"simple-cdp": "^1.8.6",
				"ws": "^8.18.3"
			},
			"bin": {
				"single-file": "single-file-node.js"
			},
			"devDependencies": {
				"@eslint/js": "^9.39.1"
			},
			"engines": {
				"bun": ">=1.0",
				"deno": ">=1.4",
				"node": ">=20"
			}
		},
		"node_modules/@eslint/js": {
			"version": "9.39.1",
			"resolved": "https://registry.npmjs.org/@eslint/js/-/js-9.39.1.tgz",
			"integrity": "sha512-S26Stp4zCy88tH94QbBv3XCuzRQiZ9yXofEILmglYTh/Ug/a9/umqvgFtYBAo3Lp0nsI/5/qH1CCrbdK3AP1Tw==",
			"dev": true,
			"license": "MIT",
			"engines": {
				"node": "^18.18.0 || ^20.9.0 || >=21.1.0"
			},
			"funding": {
				"url": "https://eslint.org/donate"
			}
		},
		"node_modules/simple-cdp": {
			"version": "1.8.6",
			"resolved": "https://registry.npmjs.org/simple-cdp/-/simple-cdp-1.8.6.tgz",
			"integrity": "sha512-c33zKvBOOIBfdfDCr++N8Dv6kY03wD+cGuu3MEiBJHC4LtHE5aSwjw5E+dOSeuXolS+8MoDzYuWrJdT+IFp8bw==",
			"license": "MIT",
			"engines": {
				"bun": ">=1.0",
				"deno": ">=1.4"
			}
		},
		"node_modules/ws": {
			"version": "8.18.3",
			"resolved": "https://registry.npmjs.org/ws/-/ws-8.18.3.tgz",
			"integrity": "sha512-PEIGCY5tSlUt50cqyMXfCzX+oOPqN0vuGqWzbcJ2xvnkzkq46oOpz7dQaTDBdfICb4N14+GARUDw2XV2N4tvzg==",
			"license": "MIT",
			"engines": {
				"node": ">=10.0.0"
			},
			"peerDependencies": {
				"bufferutil": "^4.0.1",
				"utf-8-validate": ">=5.0.2"
			},
			"peerDependenciesMeta": {
				"bufferutil": {
					"optional": true
				},
				"utf-8-validate": {
					"optional": true
				}
			}
		}
	}
}
